{
  "nodes": {
    "home-manager": {
      "inputs": {
        "nixpkgs": [
          "nixpkgs"
        ]
      },
      "locked": {
        "lastModified": 1761845621,
        "narHash": "sha256-d+R4MHsGmdebvSMsYUFWONsZSlUbOo8Zq/wjMdMiIac=",
        "owner": "nix-community",
        "repo": "home-manager",
        "rev": "97e3022a8d2c09313fa49847f6da4d76abcfc72d",
        "type": "github"
      },
      "original": {
        "owner": "nix-community",
        "repo": "home-manager",
        "type": "github"
      }
    },
    "nixpkgs": {
      "locked": {
        "lastModified": 1761672384,
        "narHash": "sha256-o9KF3DJL7g7iYMZq9SWgfS1BFlNbsm6xplRjVlOCkXI=",
        "owner": "NixOS",
        "repo": "nixpkgs",
        "rev": "08dacfca559e1d7da38f3cf05f1f45ee9bfd213c",
        "type": "github"
      },
      "original": {
        "owner": "NixOS",
        "ref": "nixos-unstable",
        "repo": "nixpkgs",
        "type": "github"
      }
    },
    "root": {
      "inputs": {
        "home-manager": "home-manager",
        "nixpkgs": "nixpkgs",
        "ucodenix": "ucodenix"
      }
    },
    "ucodenix": {
      "locked": {
        "lastModified": 1733351763,
        "narHash": "sha256-0VzlIIE+78t0YptH5lkkrIy8FwM1Z9Hkn75n9RTF5Hc=",
        "owner": "e-tho",
        "repo": "ucodenix",
        "rev": "56c73f68361ae713be920bd221592c381f82fa23",
        "type": "github"
      },
      "original": {
        "owner": "e-tho",
        "repo": "ucodenix",
        "rev": "56c73f68361ae713be920bd221592c381f82fa23",
        "type": "github"
      }
    }
  },
  "root": "root",
  "version": 7
}
